# THIS IS AN AUTOGENERATED FILE. DO NOT EDIT THIS FILE DIRECTLY.
# yarn lockfile v1


immer@^9.0.3:
  version "9.0.3"
  resolved "https://registry.nlark.com/immer/download/immer-9.0.3.tgz#146e2ba8b84d4b1b15378143c2345559915097f4"
  integrity sha1-FG4rqLhNSxsVN4FDwjRVWZFQl/Q=

immutable@^4.0.0-rc.12:
  version "4.0.0-rc.12"
  resolved "https://registry.nlark.com/immutable/download/immutable-4.0.0-rc.12.tgz#ca59a7e4c19ae8d9bf74a97bdf0f6e2f2a5d0217"
  integrity sha1-ylmn5MGa6Nm/dKl73w9uLypdAhc=

tapable@^2.2.0:
  version "2.2.0"
  resolved "https://registry.npm.taobao.org/tapable/download/tapable-2.2.0.tgz#5c373d281d9c672848213d0e037d1c4165ab426b"
  integrity sha1-XDc9KB2cZyhIIT0OA30cQWWrQms=
